Microsoft Visual Studio Solution File, Format Version 12.00
# Visual Studio 15
VisualStudioVersion = 15.0.26730.10
MinimumVisualStudioVersion = 10.0.40219.1
Project("{9A19103F-16F7-4668-BE54-9A1E7A4F7556}") = "IAutoM8", "src\IAutoM8\IAutoM8.csproj", "{8EFEDC46-1F07-4E82-8E74-9F993680E019}"
EndProject
Project("{9A19103F-16F7-4668-BE54-9A1E7A4F7556}") = "IAutoM8.Service", "src\IAutoM8.Service\IAutoM8.Service.csproj", "{16E87308-13D5-4B87-B071-C5B004B0E1C6}"
EndProject
Project("{9A19103F-16F7-4668-BE54-9A1E7A4F7556}") = "IAutoM8.Domain", "src\IAutoM8.Domain\IAutoM8.Domain.csproj", "{D3D04285-B0F6-42C1-B916-568EBD43483D}"
EndProject
Project("{9A19103F-16F7-4668-BE54-9A1E7A4F7556}") = "IAutoM8.Repository", "src\IAutoM8.Repository\IAutoM8.Repository.csproj", "{DD007125-A5F2-495F-9956-BE396983E02B}"
EndProject
Project("{9A19103F-16F7-4668-BE54-9A1E7A4F7556}") = "IAutoM8.Global", "src\IAutoM8.Global\IAutoM8.Global.csproj", "{6051042F-82D5-41A6-A1DF-545C028A025E}"
EndProject
Project("{9A19103F-16F7-4668-BE54-9A1E7A4F7556}") = "IAutoM8.Neo4jRepository", "src\IAutoM8.Neo4jRepository\IAutoM8.Neo4jRepository.csproj", "{D0FB18C2-65B3-4573-B89B-2F64770F63B5}"
EndProject
Project("{2150E333-8FDC-42A3-9474-1A3956D46DE8}") = "Tests", "Tests", "{97010676-991C-45AB-95BB-7E69BC7FA084}"
EndProject
Project("{9A19103F-16F7-4668-BE54-9A1E7A4F7556}") = "IAutoM8.Service.Tests", "src\Tests\IAutoServiceM8.Service.Tests\IAutoM8.Service.Tests.csproj", "{17DECB8C-7E03-4616-A125-87DF49A6F55F}"
EndProject
Project("{9A19103F-16F7-4668-BE54-9A1E7A4F7556}") = "IAutoM8.WebSockets", "src\IAutoM8.WebSockets\IAutoM8.WebSockets.csproj", "{DA10558A-C85C-4DF8-A8F3-5D841BB48C41}"
EndProject
Project("{9A19103F-16F7-4668-BE54-9A1E7A4F7556}") = "IAutoM8.Tests.Common", "src\Tests\IAutoM8.Tests.Common\IAutoM8.Tests.Common.csproj", "{F3537498-D8B7-4503-90FB-315505C69F6B}"
EndProject
Project("{9A19103F-16F7-4668-BE54-9A1E7A4F7556}") = "MigrateResourceToNeo4j", "MigrateApps\MigrateResourceToNeo4j\MigrateResourceToNeo4j.csproj", "{C47C7043-C15A-456A-B9CB-6EE0AF312922}"
EndProject
Project("{2150E333-8FDC-42A3-9474-1A3956D46DE8}") = "MigrateApps", "MigrateApps", "{0D8D4680-88AF-4B6F-9F91-A7676788DF03}"
EndProject
Project("{9A19103F-16F7-4668-BE54-9A1E7A4F7556}") = "IAutoM8.MapPositions", "MigrateApps\IAutoM8.MapPositions\IAutoM8.MapPositions.csproj", "{73A05096-B482-4799-AD4E-1660A572675E}"
EndProject
Project("{9A19103F-16F7-4668-BE54-9A1E7A4F7556}") = "IAutoM8.ImportToNeo4j", "MigrateApps\IAutoM8.ImportToNeo4j\IAutoM8.ImportToNeo4j.csproj", "{DAE0026B-A1BA-41EC-B239-3B033FCF4215}"
EndProject
Project("{9A19103F-16F7-4668-BE54-9A1E7A4F7556}") = "IAutoM8.ShareSubFormulas", "IAutoM8.ShareSubFormulas\IAutoM8.ShareSubFormulas.csproj", "{B5F5B98B-A4E2-455E-9726-38D780CCA747}"
EndProject
Project("{9A19103F-16F7-4668-BE54-9A1E7A4F7556}") = "IAutoM8.InfusionSoft", "src\IAutoM8.InfusionSoft\IAutoM8.InfusionSoft.csproj", "{7AD14E16-3735-4D6B-BF35-3138C637C84F}"
EndProject
Global
	GlobalSection(SolutionConfigurationPlatforms) = preSolution
		Debug|Any CPU = Debug|Any CPU
		Prod|Any CPU = Prod|Any CPU
		Release|Any CPU = Release|Any CPU
		Staging|Any CPU = Staging|Any CPU
	EndGlobalSection
	GlobalSection(ProjectConfigurationPlatforms) = postSolution
		{8EFEDC46-1F07-4E82-8E74-9F993680E019}.Debug|Any CPU.ActiveCfg = Debug|Any CPU
		{8EFEDC46-1F07-4E82-8E74-9F993680E019}.Debug|Any CPU.Build.0 = Debug|Any CPU
		{8EFEDC46-1F07-4E82-8E74-9F993680E019}.Prod|Any CPU.ActiveCfg = Prod|Any CPU
		{8EFEDC46-1F07-4E82-8E74-9F993680E019}.Prod|Any CPU.Build.0 = Prod|Any CPU
		{8EFEDC46-1F07-4E82-8E74-9F993680E019}.Release|Any CPU.ActiveCfg = Staging|Any CPU
		{8EFEDC46-1F07-4E82-8E74-9F993680E019}.Release|Any CPU.Build.0 = Staging|Any CPU
		{8EFEDC46-1F07-4E82-8E74-9F993680E019}.Staging|Any CPU.ActiveCfg = Staging|Any CPU
		{8EFEDC46-1F07-4E82-8E74-9F993680E019}.Staging|Any CPU.Build.0 = Staging|Any CPU
		{16E87308-13D5-4B87-B071-C5B004B0E1C6}.Debug|Any CPU.ActiveCfg = Debug|Any CPU
		{16E87308-13D5-4B87-B071-C5B004B0E1C6}.Debug|Any CPU.Build.0 = Debug|Any CPU
		{16E87308-13D5-4B87-B071-C5B004B0E1C6}.Prod|Any CPU.ActiveCfg = Prod|Any CPU
		{16E87308-13D5-4B87-B071-C5B004B0E1C6}.Prod|Any CPU.Build.0 = Prod|Any CPU
		{16E87308-13D5-4B87-B071-C5B004B0E1C6}.Release|Any CPU.ActiveCfg = Staging|Any CPU
		{16E87308-13D5-4B87-B071-C5B004B0E1C6}.Release|Any CPU.Build.0 = Staging|Any CPU
		{16E87308-13D5-4B87-B071-C5B004B0E1C6}.Staging|Any CPU.ActiveCfg = Staging|Any CPU
		{16E87308-13D5-4B87-B071-C5B004B0E1C6}.Staging|Any CPU.Build.0 = Staging|Any CPU
		{D3D04285-B0F6-42C1-B916-568EBD43483D}.Debug|Any CPU.ActiveCfg = Debug|Any CPU
		{D3D04285-B0F6-42C1-B916-568EBD43483D}.Debug|Any CPU.Build.0 = Debug|Any CPU
		{D3D04285-B0F6-42C1-B916-568EBD43483D}.Prod|Any CPU.ActiveCfg = Prod|Any CPU
		{D3D04285-B0F6-42C1-B916-568EBD43483D}.Prod|Any CPU.Build.0 = Prod|Any CPU
		{D3D04285-B0F6-42C1-B916-568EBD43483D}.Release|Any CPU.ActiveCfg = Staging|Any CPU
		{D3D04285-B0F6-42C1-B916-568EBD43483D}.Release|Any CPU.Build.0 = Staging|Any CPU
		{D3D04285-B0F6-42C1-B916-568EBD43483D}.Staging|Any CPU.ActiveCfg = Staging|Any CPU
		{D3D04285-B0F6-42C1-B916-568EBD43483D}.Staging|Any CPU.Build.0 = Staging|Any CPU
		{DD007125-A5F2-495F-9956-BE396983E02B}.Debug|Any CPU.ActiveCfg = Debug|Any CPU
		{DD007125-A5F2-495F-9956-BE396983E02B}.Debug|Any CPU.Build.0 = Debug|Any CPU
		{DD007125-A5F2-495F-9956-BE396983E02B}.Prod|Any CPU.ActiveCfg = Prod|Any CPU
		{DD007125-A5F2-495F-9956-BE396983E02B}.Prod|Any CPU.Build.0 = Prod|Any CPU
		{DD007125-A5F2-495F-9956-BE396983E02B}.Release|Any CPU.ActiveCfg = Staging|Any CPU
		{DD007125-A5F2-495F-9956-BE396983E02B}.Release|Any CPU.Build.0 = Staging|Any CPU
		{DD007125-A5F2-495F-9956-BE396983E02B}.Staging|Any CPU.ActiveCfg = Staging|Any CPU
		{DD007125-A5F2-495F-9956-BE396983E02B}.Staging|Any CPU.Build.0 = Staging|Any CPU
		{6051042F-82D5-41A6-A1DF-545C028A025E}.Debug|Any CPU.ActiveCfg = Debug|Any CPU
		{6051042F-82D5-41A6-A1DF-545C028A025E}.Debug|Any CPU.Build.0 = Debug|Any CPU
		{6051042F-82D5-41A6-A1DF-545C028A025E}.Prod|Any CPU.ActiveCfg = Prod|Any CPU
		{6051042F-82D5-41A6-A1DF-545C028A025E}.Prod|Any CPU.Build.0 = Prod|Any CPU
		{6051042F-82D5-41A6-A1DF-545C028A025E}.Release|Any CPU.ActiveCfg = Staging|Any CPU
		{6051042F-82D5-41A6-A1DF-545C028A025E}.Release|Any CPU.Build.0 = Staging|Any CPU
		{6051042F-82D5-41A6-A1DF-545C028A025E}.Staging|Any CPU.ActiveCfg = Staging|Any CPU
		{6051042F-82D5-41A6-A1DF-545C028A025E}.Staging|Any CPU.Build.0 = Staging|Any CPU
		{D0FB18C2-65B3-4573-B89B-2F64770F63B5}.Debug|Any CPU.ActiveCfg = Debug|Any CPU
		{D0FB18C2-65B3-4573-B89B-2F64770F63B5}.Debug|Any CPU.Build.0 = Debug|Any CPU
		{D0FB18C2-65B3-4573-B89B-2F64770F63B5}.Prod|Any CPU.ActiveCfg = Debug|Any CPU
		{D0FB18C2-65B3-4573-B89B-2F64770F63B5}.Prod|Any CPU.Build.0 = Debug|Any CPU
		{D0FB18C2-65B3-4573-B89B-2F64770F63B5}.Release|Any CPU.ActiveCfg = Release|Any CPU
		{D0FB18C2-65B3-4573-B89B-2F64770F63B5}.Release|Any CPU.Build.0 = Release|Any CPU
		{D0FB18C2-65B3-4573-B89B-2F64770F63B5}.Staging|Any CPU.ActiveCfg = Debug|Any CPU
		{D0FB18C2-65B3-4573-B89B-2F64770F63B5}.Staging|Any CPU.Build.0 = Debug|Any CPU
		{17DECB8C-7E03-4616-A125-87DF49A6F55F}.Debug|Any CPU.ActiveCfg = Debug|Any CPU
		{17DECB8C-7E03-4616-A125-87DF49A6F55F}.Debug|Any CPU.Build.0 = Debug|Any CPU
		{17DECB8C-7E03-4616-A125-87DF49A6F55F}.Prod|Any CPU.ActiveCfg = Debug|Any CPU
		{17DECB8C-7E03-4616-A125-87DF49A6F55F}.Prod|Any CPU.Build.0 = Debug|Any CPU
		{17DECB8C-7E03-4616-A125-87DF49A6F55F}.Release|Any CPU.ActiveCfg = Release|Any CPU
		{17DECB8C-7E03-4616-A125-87DF49A6F55F}.Release|Any CPU.Build.0 = Release|Any CPU
		{17DECB8C-7E03-4616-A125-87DF49A6F55F}.Staging|Any CPU.ActiveCfg = Debug|Any CPU
		{17DECB8C-7E03-4616-A125-87DF49A6F55F}.Staging|Any CPU.Build.0 = Debug|Any CPU
		{DA10558A-C85C-4DF8-A8F3-5D841BB48C41}.Debug|Any CPU.ActiveCfg = Debug|Any CPU
		{DA10558A-C85C-4DF8-A8F3-5D841BB48C41}.Debug|Any CPU.Build.0 = Debug|Any CPU
		{DA10558A-C85C-4DF8-A8F3-5D841BB48C41}.Prod|Any CPU.ActiveCfg = Debug|Any CPU
		{DA10558A-C85C-4DF8-A8F3-5D841BB48C41}.Prod|Any CPU.Build.0 = Debug|Any CPU
		{DA10558A-C85C-4DF8-A8F3-5D841BB48C41}.Release|Any CPU.ActiveCfg = Release|Any CPU
		{DA10558A-C85C-4DF8-A8F3-5D841BB48C41}.Release|Any CPU.Build.0 = Release|Any CPU
		{DA10558A-C85C-4DF8-A8F3-5D841BB48C41}.Staging|Any CPU.ActiveCfg = Debug|Any CPU
		{DA10558A-C85C-4DF8-A8F3-5D841BB48C41}.Staging|Any CPU.Build.0 = Debug|Any CPU
		{F3537498-D8B7-4503-90FB-315505C69F6B}.Debug|Any CPU.ActiveCfg = Debug|Any CPU
		{F3537498-D8B7-4503-90FB-315505C69F6B}.Debug|Any CPU.Build.0 = Debug|Any CPU
		{F3537498-D8B7-4503-90FB-315505C69F6B}.Prod|Any CPU.ActiveCfg = Debug|Any CPU
		{F3537498-D8B7-4503-90FB-315505C69F6B}.Prod|Any CPU.Build.0 = Debug|Any CPU
		{F3537498-D8B7-4503-90FB-315505C69F6B}.Release|Any CPU.ActiveCfg = Release|Any CPU
		{F3537498-D8B7-4503-90FB-315505C69F6B}.Release|Any CPU.Build.0 = Release|Any CPU
		{F3537498-D8B7-4503-90FB-315505C69F6B}.Staging|Any CPU.ActiveCfg = Debug|Any CPU
		{F3537498-D8B7-4503-90FB-315505C69F6B}.Staging|Any CPU.Build.0 = Debug|Any CPU
		{C47C7043-C15A-456A-B9CB-6EE0AF312922}.Debug|Any CPU.ActiveCfg = Debug|Any CPU
		{C47C7043-C15A-456A-B9CB-6EE0AF312922}.Debug|Any CPU.Build.0 = Debug|Any CPU
		{C47C7043-C15A-456A-B9CB-6EE0AF312922}.Prod|Any CPU.ActiveCfg = Debug|Any CPU
		{C47C7043-C15A-456A-B9CB-6EE0AF312922}.Prod|Any CPU.Build.0 = Debug|Any CPU
		{C47C7043-C15A-456A-B9CB-6EE0AF312922}.Release|Any CPU.ActiveCfg = Release|Any CPU
		{C47C7043-C15A-456A-B9CB-6EE0AF312922}.Release|Any CPU.Build.0 = Release|Any CPU
		{C47C7043-C15A-456A-B9CB-6EE0AF312922}.Staging|Any CPU.ActiveCfg = Debug|Any CPU
		{C47C7043-C15A-456A-B9CB-6EE0AF312922}.Staging|Any CPU.Build.0 = Debug|Any CPU
		{73A05096-B482-4799-AD4E-1660A572675E}.Debug|Any CPU.ActiveCfg = Debug|Any CPU
		{73A05096-B482-4799-AD4E-1660A572675E}.Debug|Any CPU.Build.0 = Debug|Any CPU
		{73A05096-B482-4799-AD4E-1660A572675E}.Prod|Any CPU.ActiveCfg = Debug|Any CPU
		{73A05096-B482-4799-AD4E-1660A572675E}.Prod|Any CPU.Build.0 = Debug|Any CPU
		{73A05096-B482-4799-AD4E-1660A572675E}.Release|Any CPU.ActiveCfg = Release|Any CPU
		{73A05096-B482-4799-AD4E-1660A572675E}.Release|Any CPU.Build.0 = Release|Any CPU
		{73A05096-B482-4799-AD4E-1660A572675E}.Staging|Any CPU.ActiveCfg = Debug|Any CPU
		{73A05096-B482-4799-AD4E-1660A572675E}.Staging|Any CPU.Build.0 = Debug|Any CPU
		{DAE0026B-A1BA-41EC-B239-3B033FCF4215}.Debug|Any CPU.ActiveCfg = Debug|Any CPU
		{DAE0026B-A1BA-41EC-B239-3B033FCF4215}.Debug|Any CPU.Build.0 = Debug|Any CPU
		{DAE0026B-A1BA-41EC-B239-3B033FCF4215}.Prod|Any CPU.ActiveCfg = Debug|Any CPU
		{DAE0026B-A1BA-41EC-B239-3B033FCF4215}.Prod|Any CPU.Build.0 = Debug|Any CPU
		{DAE0026B-A1BA-41EC-B239-3B033FCF4215}.Release|Any CPU.ActiveCfg = Release|Any CPU
		{DAE0026B-A1BA-41EC-B239-3B033FCF4215}.Release|Any CPU.Build.0 = Release|Any CPU
		{DAE0026B-A1BA-41EC-B239-3B033FCF4215}.Staging|Any CPU.ActiveCfg = Debug|Any CPU
		{DAE0026B-A1BA-41EC-B239-3B033FCF4215}.Staging|Any CPU.Build.0 = Debug|Any CPU
		{B5F5B98B-A4E2-455E-9726-38D780CCA747}.Debug|Any CPU.ActiveCfg = Debug|Any CPU
		{B5F5B98B-A4E2-455E-9726-38D780CCA747}.Debug|Any CPU.Build.0 = Debug|Any CPU
		{B5F5B98B-A4E2-455E-9726-38D780CCA747}.Prod|Any CPU.ActiveCfg = Debug|Any CPU
		{B5F5B98B-A4E2-455E-9726-38D780CCA747}.Prod|Any CPU.Build.0 = Debug|Any CPU
		{B5F5B98B-A4E2-455E-9726-38D780CCA747}.Release|Any CPU.ActiveCfg = Release|Any CPU
		{B5F5B98B-A4E2-455E-9726-38D780CCA747}.Release|Any CPU.Build.0 = Release|Any CPU
		{B5F5B98B-A4E2-455E-9726-38D780CCA747}.Staging|Any CPU.ActiveCfg = Debug|Any CPU
		{B5F5B98B-A4E2-455E-9726-38D780CCA747}.Staging|Any CPU.Build.0 = Debug|Any CPU
		{7AD14E16-3735-4D6B-BF35-3138C637C84F}.Debug|Any CPU.ActiveCfg = Debug|Any CPU
		{7AD14E16-3735-4D6B-BF35-3138C637C84F}.Debug|Any CPU.Build.0 = Debug|Any CPU
		{7AD14E16-3735-4D6B-BF35-3138C637C84F}.Prod|Any CPU.ActiveCfg = Debug|Any CPU
		{7AD14E16-3735-4D6B-BF35-3138C637C84F}.Prod|Any CPU.Build.0 = Debug|Any CPU
		{7AD14E16-3735-4D6B-BF35-3138C637C84F}.Release|Any CPU.ActiveCfg = Release|Any CPU
		{7AD14E16-3735-4D6B-BF35-3138C637C84F}.Release|Any CPU.Build.0 = Release|Any CPU
		{7AD14E16-3735-4D6B-BF35-3138C637C84F}.Staging|Any CPU.ActiveCfg = Debug|Any CPU
		{7AD14E16-3735-4D6B-BF35-3138C637C84F}.Staging|Any CPU.Build.0 = Debug|Any CPU
	EndGlobalSection
	GlobalSection(SolutionProperties) = preSolution
		HideSolutionNode = FALSE
	EndGlobalSection
	GlobalSection(NestedProjects) = preSolution
		{17DECB8C-7E03-4616-A125-87DF49A6F55F} = {97010676-991C-45AB-95BB-7E69BC7FA084}
		{F3537498-D8B7-4503-90FB-315505C69F6B} = {97010676-991C-45AB-95BB-7E69BC7FA084}
		{C47C7043-C15A-456A-B9CB-6EE0AF312922} = {0D8D4680-88AF-4B6F-9F91-A7676788DF03}
		{73A05096-B482-4799-AD4E-1660A572675E} = {0D8D4680-88AF-4B6F-9F91-A7676788DF03}
		{DAE0026B-A1BA-41EC-B239-3B033FCF4215} = {0D8D4680-88AF-4B6F-9F91-A7676788DF03}
		{B5F5B98B-A4E2-455E-9726-38D780CCA747} = {0D8D4680-88AF-4B6F-9F91-A7676788DF03}
	EndGlobalSection
	GlobalSection(ExtensibilityGlobals) = postSolution
		SolutionGuid = {63499D6A-84D6-47A0-B4F6-3450610BC6FA}
	EndGlobalSection
EndGlobal
